{
  "version": 4,
  "terraform_version": "1.5.7",
  "serial": 11,
  "lineage": "e7f7b668-c36f-5f1f-07f9-b70d62fb257c",
  "outputs": {
    "api_gateway_invoke_url": {
      "value": "https://hfgziyh08g.execute-api.eu-central-1.amazonaws.com/dev/hello",
      "type": "string"
    },
    "lambda_function_arn": {
      "value": "arn:aws:lambda:eu-central-1:043309349280:function:my-hello-lambda-function",
      "type": "string"
    }
  },
  "resources": [
    {
      "mode": "data",
      "type": "archive_file",
      "name": "lambda_zip",
      "provider": "provider[\"registry.terraform.io/hashicorp/archive\"]",
      "instances": [
        {
          "schema_version": 0,
          "attributes": {
            "exclude_symlink_directories": null,
            "excludes": null,
            "id": "45a247bbdead2a0c3abc332fca50d99be88c3c4d",
            "output_base64sha256": "6ca/FANRefDbNw0R7jc/EwO9ATlt446kv+6remfktfM=",
            "output_base64sha512": "CUDu1yEJQBHBIhpErq0gJ3Yd0/vocp+eC7mYVCTfgjmYiR10WDI/pABhpVbiapjs4QLVbwHJUk570ZXuc3SBNg==",
            "output_file_mode": null,
            "output_md5": "926b19f247c9433d480a25846b685e26",
            "output_path": "./lambda_function.zip",
            "output_sha": "45a247bbdead2a0c3abc332fca50d99be88c3c4d",
            "output_sha256": "e9c6bf14035179f0db370d11ee373f1303bd01396de38ea4bfeeab7a67e4b5f3",
            "output_sha512": "0940eed721094011c1221a44aead2027761dd3fbe8729f9e0bb9985424df823998891d7458323fa40061a556e26a98ece102d56f01c9524e7bd195ee73748136",
            "output_size": 1983,
            "source": [],
            "source_content": null,
            "source_content_filename": null,
            "source_dir": null,
            "source_file": "./../lambda_function.py",
            "type": "zip"
          },
          "sensitive_attributes": []
        }
      ]
    },
    {
      "mode": "managed",
      "type": "aws_api_gateway_deployment",
      "name": "my_api_deployment",
      "provider": "provider[\"registry.terraform.io/hashicorp/aws\"]",
      "instances": [
        {
          "schema_version": 0,
          "attributes": {
            "created_date": "2025-08-15T12:10:12Z",
            "description": "",
            "id": "ccsab1",
            "region": "eu-central-1",
            "rest_api_id": "hfgziyh08g",
            "triggers": {
              "redeployment": "790d0c60ba500e79337696a780b3c912b222c310"
            },
            "variables": null
          },
          "sensitive_attributes": [],
          "private": "bnVsbA==",
          "dependencies": [
            "aws_api_gateway_integration.my_api_integration",
            "aws_api_gateway_method.my_api_method",
            "aws_api_gateway_resource.my_api_resource",
            "aws_api_gateway_rest_api.my_api_gateway",
            "aws_iam_role.lambda_exec_role",
            "aws_lambda_function.my_hello_lambda",
            "data.archive_file.lambda_zip"
          ],
          "create_before_destroy": true
        }
      ]
    },
    {
      "mode": "managed",
      "type": "aws_api_gateway_integration",
      "name": "my_api_integration",
      "provider": "provider[\"registry.terraform.io/hashicorp/aws\"]",
      "instances": [
        {
          "schema_version": 0,
          "attributes": {
            "cache_key_parameters": null,
            "cache_namespace": "wjiewn",
            "connection_id": "",
            "connection_type": "INTERNET",
            "content_handling": "",
            "credentials": "",
            "http_method": "GET",
            "id": "agi-hfgziyh08g-wjiewn-GET",
            "integration_http_method": "POST",
            "passthrough_behavior": "WHEN_NO_MATCH",
            "region": "eu-central-1",
            "request_parameters": null,
            "request_templates": null,
            "resource_id": "wjiewn",
            "rest_api_id": "hfgziyh08g",
            "timeout_milliseconds": 29000,
            "tls_config": [],
            "type": "AWS_PROXY",
            "uri": "arn:aws:apigateway:eu-central-1:lambda:path/2015-03-31/functions/arn:aws:lambda:eu-central-1:043309349280:function:my-hello-lambda-function/invocations"
          },
          "sensitive_attributes": [],
          "private": "bnVsbA==",
          "dependencies": [
            "aws_api_gateway_method.my_api_method",
            "aws_api_gateway_resource.my_api_resource",
            "aws_api_gateway_rest_api.my_api_gateway",
            "aws_iam_role.lambda_exec_role",
            "aws_lambda_function.my_hello_lambda",
            "data.archive_file.lambda_zip"
          ],
          "create_before_destroy": true
        }
      ]
    },
    {
      "mode": "managed",
      "type": "aws_api_gateway_method",
      "name": "my_api_method",
      "provider": "provider[\"registry.terraform.io/hashicorp/aws\"]",
      "instances": [
        {
          "schema_version": 0,
          "attributes": {
            "api_key_required": false,
            "authorization": "NONE",
            "authorization_scopes": null,
            "authorizer_id": null,
            "http_method": "GET",
            "id": "agm-hfgziyh08g-wjiewn-GET",
            "operation_name": null,
            "region": "eu-central-1",
            "request_models": null,
            "request_parameters": null,
            "request_validator_id": null,
            "resource_id": "wjiewn",
            "rest_api_id": "hfgziyh08g"
          },
          "sensitive_attributes": [],
          "private": "bnVsbA==",
          "dependencies": [
            "aws_api_gateway_resource.my_api_resource",
            "aws_api_gateway_rest_api.my_api_gateway"
          ],
          "create_before_destroy": true
        }
      ]
    },
    {
      "mode": "managed",
      "type": "aws_api_gateway_resource",
      "name": "my_api_resource",
      "provider": "provider[\"registry.terraform.io/hashicorp/aws\"]",
      "instances": [
        {
          "schema_version": 0,
          "attributes": {
            "id": "wjiewn",
            "parent_id": "kgjq1boc42",
            "path": "/hello",
            "path_part": "hello",
            "region": "eu-central-1",
            "rest_api_id": "hfgziyh08g"
          },
          "sensitive_attributes": [],
          "private": "bnVsbA==",
          "dependencies": [
            "aws_api_gateway_rest_api.my_api_gateway"
          ],
          "create_before_destroy": true
        }
      ]
    },
    {
      "mode": "managed",
      "type": "aws_api_gateway_rest_api",
      "name": "my_api_gateway",
      "provider": "provider[\"registry.terraform.io/hashicorp/aws\"]",
      "instances": [
        {
          "schema_version": 0,
          "attributes": {
            "api_key_source": "HEADER",
            "arn": "arn:aws:apigateway:eu-central-1::/restapis/hfgziyh08g",
            "binary_media_types": [],
            "body": null,
            "created_date": "2025-08-15T12:09:50Z",
            "description": "API Gateway for the Hello Lambda function",
            "disable_execute_api_endpoint": false,
            "endpoint_configuration": [
              {
                "ip_address_type": "ipv4",
                "types": [
                  "EDGE"
                ],
                "vpc_endpoint_ids": []
              }
            ],
            "execution_arn": "arn:aws:execute-api:eu-central-1:043309349280:hfgziyh08g",
            "fail_on_warnings": null,
            "id": "hfgziyh08g",
            "minimum_compression_size": "",
            "name": "my-hello-api",
            "parameters": null,
            "policy": "",
            "put_rest_api_mode": null,
            "region": "eu-central-1",
            "root_resource_id": "kgjq1boc42",
            "tags": null,
            "tags_all": {}
          },
          "sensitive_attributes": [],
          "private": "bnVsbA==",
          "create_before_destroy": true
        }
      ]
    },
    {
      "mode": "managed",
      "type": "aws_api_gateway_stage",
      "name": "my_api_stage",
      "provider": "provider[\"registry.terraform.io/hashicorp/aws\"]",
      "instances": [
        {
          "schema_version": 0,
          "attributes": {
            "access_log_settings": [],
            "arn": "arn:aws:apigateway:eu-central-1::/restapis/hfgziyh08g/stages/dev",
            "cache_cluster_enabled": false,
            "cache_cluster_size": "",
            "canary_settings": [],
            "client_certificate_id": "",
            "deployment_id": "ccsab1",
            "description": "",
            "documentation_version": "",
            "execution_arn": "arn:aws:execute-api:eu-central-1:043309349280:hfgziyh08g/dev",
            "id": "ags-hfgziyh08g-dev",
            "invoke_url": "https://hfgziyh08g.execute-api.eu-central-1.amazonaws.com/dev",
            "region": "eu-central-1",
            "rest_api_id": "hfgziyh08g",
            "stage_name": "dev",
            "tags": null,
            "tags_all": {},
            "variables": null,
            "web_acl_arn": "",
            "xray_tracing_enabled": false
          },
          "sensitive_attributes": [],
          "private": "bnVsbA==",
          "dependencies": [
            "aws_api_gateway_deployment.my_api_deployment",
            "aws_api_gateway_integration.my_api_integration",
            "aws_api_gateway_method.my_api_method",
            "aws_api_gateway_resource.my_api_resource",
            "aws_api_gateway_rest_api.my_api_gateway",
            "aws_iam_role.lambda_exec_role",
            "aws_lambda_function.my_hello_lambda",
            "data.archive_file.lambda_zip"
          ]
        }
      ]
    },
    {
      "mode": "managed",
      "type": "aws_iam_role",
      "name": "lambda_exec_role",
      "provider": "provider[\"registry.terraform.io/hashicorp/aws\"]",
      "instances": [
        {
          "schema_version": 0,
          "attributes": {
            "arn": "arn:aws:iam::043309349280:role/my-lambda-exec-role",
            "assume_role_policy": "{\"Statement\":[{\"Action\":\"sts:AssumeRole\",\"Effect\":\"Allow\",\"Principal\":{\"Service\":\"lambda.amazonaws.com\"}}],\"Version\":\"2012-10-17\"}",
            "create_date": "2025-08-15T12:09:50Z",
            "description": "",
            "force_detach_policies": false,
            "id": "my-lambda-exec-role",
            "inline_policy": [],
            "managed_policy_arns": [],
            "max_session_duration": 3600,
            "name": "my-lambda-exec-role",
            "name_prefix": "",
            "path": "/",
            "permissions_boundary": "",
            "tags": null,
            "tags_all": {},
            "unique_id": "AROAQUFLQHGQHLFU63S24"
          },
          "sensitive_attributes": [],
          "private": "bnVsbA==",
          "create_before_destroy": true
        }
      ]
    },
    {
      "mode": "managed",
      "type": "aws_iam_role_policy_attachment",
      "name": "lambda_logging_attachment",
      "provider": "provider[\"registry.terraform.io/hashicorp/aws\"]",
      "instances": [
        {
          "schema_version": 0,
          "attributes": {
            "id": "my-lambda-exec-role/arn:aws:iam::aws:policy/service-role/AWSLambdaBasicExecutionRole",
            "policy_arn": "arn:aws:iam::aws:policy/service-role/AWSLambdaBasicExecutionRole",
            "role": "my-lambda-exec-role"
          },
          "sensitive_attributes": [],
          "private": "bnVsbA==",
          "dependencies": [
            "aws_iam_role.lambda_exec_role"
          ]
        }
      ]
    },
    {
      "mode": "managed",
      "type": "aws_lambda_function",
      "name": "my_hello_lambda",
      "provider": "provider[\"registry.terraform.io/hashicorp/aws\"]",
      "instances": [
        {
          "schema_version": 0,
          "attributes": {
            "architectures": [
              "x86_64"
            ],
            "arn": "arn:aws:lambda:eu-central-1:043309349280:function:my-hello-lambda-function",
            "code_sha256": "6ca/FANRefDbNw0R7jc/EwO9ATlt446kv+6remfktfM=",
            "code_signing_config_arn": "",
            "dead_letter_config": [],
            "description": "",
            "environment": [],
            "ephemeral_storage": [
              {
                "size": 512
              }
            ],
            "file_system_config": [],
            "filename": "./lambda_function.zip",
            "function_name": "my-hello-lambda-function",
            "handler": "lambda_function.lambda_handler",
            "id": "my-hello-lambda-function",
            "image_config": [],
            "image_uri": "",
            "invoke_arn": "arn:aws:apigateway:eu-central-1:lambda:path/2015-03-31/functions/arn:aws:lambda:eu-central-1:043309349280:function:my-hello-lambda-function/invocations",
            "kms_key_arn": "",
            "last_modified": "2025-08-15T12:10:07.067+0000",
            "layers": null,
            "logging_config": [
              {
                "application_log_level": "",
                "log_format": "Text",
                "log_group": "/aws/lambda/my-hello-lambda-function",
                "system_log_level": ""
              }
            ],
            "memory_size": 128,
            "package_type": "Zip",
            "publish": false,
            "qualified_arn": "arn:aws:lambda:eu-central-1:043309349280:function:my-hello-lambda-function:$LATEST",
            "qualified_invoke_arn": "arn:aws:apigateway:eu-central-1:lambda:path/2015-03-31/functions/arn:aws:lambda:eu-central-1:043309349280:function:my-hello-lambda-function:$LATEST/invocations",
            "region": "eu-central-1",
            "replace_security_groups_on_destroy": null,
            "replacement_security_group_ids": null,
            "reserved_concurrent_executions": -1,
            "role": "arn:aws:iam::043309349280:role/my-lambda-exec-role",
            "runtime": "python3.9",
            "s3_bucket": null,
            "s3_key": null,
            "s3_object_version": null,
            "signing_job_arn": "",
            "signing_profile_version_arn": "",
            "skip_destroy": false,
            "snap_start": [],
            "source_code_hash": "6ca/FANRefDbNw0R7jc/EwO9ATlt446kv+6remfktfM=",
            "source_code_size": 1983,
            "tags": null,
            "tags_all": {},
            "timeout": 30,
            "timeouts": null,
            "tracing_config": [
              {
                "mode": "PassThrough"
              }
            ],
            "version": "$LATEST",
            "vpc_config": []
          },
          "sensitive_attributes": [],
          "private": "eyJlMmJmYjczMC1lY2FhLTExZTYtOGY4OC0zNDM2M2JjN2M0YzAiOnsiY3JlYXRlIjo2MDAwMDAwMDAwMDAsImRlbGV0ZSI6NjAwMDAwMDAwMDAwLCJ1cGRhdGUiOjYwMDAwMDAwMDAwMH19",
          "dependencies": [
            "aws_iam_role.lambda_exec_role",
            "data.archive_file.lambda_zip"
          ],
          "create_before_destroy": true
        }
      ]
    },
    {
      "mode": "managed",
      "type": "aws_lambda_permission",
      "name": "allow_api_gateway",
      "provider": "provider[\"registry.terraform.io/hashicorp/aws\"]",
      "instances": [
        {
          "schema_version": 0,
          "attributes": {
            "action": "lambda:InvokeFunction",
            "event_source_token": null,
            "function_name": "my-hello-lambda-function",
            "function_url_auth_type": null,
            "id": "AllowAPIGatewayInvokeLambda",
            "principal": "apigateway.amazonaws.com",
            "principal_org_id": null,
            "qualifier": "",
            "region": "eu-central-1",
            "source_account": null,
            "source_arn": "arn:aws:execute-api:eu-central-1:043309349280:hfgziyh08g/*/*",
            "statement_id": "AllowAPIGatewayInvokeLambda",
            "statement_id_prefix": ""
          },
          "sensitive_attributes": [],
          "private": "bnVsbA==",
          "dependencies": [
            "aws_api_gateway_rest_api.my_api_gateway",
            "aws_iam_role.lambda_exec_role",
            "aws_lambda_function.my_hello_lambda",
            "data.archive_file.lambda_zip"
          ]
        }
      ]
    }
  ],
  "check_results": null
}
